
Microsoft Visual Studio Solution File, Format Version 12.00
# Visual Studio 14
VisualStudioVersion = 14.0.25420.1
MinimumVisualStudioVersion = 10.0.40219.1
Project("{FAE04EC0-301F-11D3-BF4B-00C04F79EFBC}") = "WhatsAppConsole", "WhatsAppConsole\WhatsAppConsole.csproj", "{83353832-8A4A-4BD2-8A96-D47CD4130DBF}"
EndProject
Project("{FAE04EC0-301F-11D3-BF4B-00C04F79EFBC}") = "Whatsapp.AuthenticationManeger", "Whatsapp.AuthenticationManeger\Whatsapp.AuthenticationManeger.csproj", "{2F78651A-0AF0-4340-9EF9-6E8D547420A4}"
EndProject
Project("{FAE04EC0-301F-11D3-BF4B-00C04F79EFBC}") = "Whatsapp.AuthenticationManeger.InMemory", "Whatsapp.AuthenticationManeger.InMemory\Whatsapp.AuthenticationManeger.InMemory.csproj", "{E68C6597-9338-4940-B54E-8207BB8E89B8}"
EndProject
Project("{FAE04EC0-301F-11D3-BF4B-00C04F79EFBC}") = "Whatsapp.RegistrationUtility", "Whatsapp.RegistrationUtility\Whatsapp.RegistrationUtility.csproj", "{B47E60B2-BD54-4024-B286-1AFE9C32592E}"
EndProject
Project("{2150E333-8FDC-42A3-9474-1A3956D46DE8}") = "Solution Items", "Solution Items", "{7050E665-18E8-4B8C-8DEE-D9EE117FAA75}"
	ProjectSection(SolutionItems) = preProject
		.gitignore = .gitignore
	EndProjectSection
EndProject
Project("{FAE04EC0-301F-11D3-BF4B-00C04F79EFBC}") = "Whatsapp.ChallengeManeger.LocalDisk", "Whatsapp.ChallengeManeger.LocalDisk\Whatsapp.ChallengeManeger.LocalDisk.csproj", "{D75DB2B7-8228-4D55-8005-05FB15BE7826}"
EndProject
Project("{FAE04EC0-301F-11D3-BF4B-00C04F79EFBC}") = "Whatsapp.ChallengeManeger", "Whatsapp.ChallengeManeger\Whatsapp.ChallengeManeger.csproj", "{059E60D0-49E4-4908-A806-E2D0EFC867CC}"
EndProject
Project("{FAE04EC0-301F-11D3-BF4B-00C04F79EFBC}") = "WhatsAppApi", "WhatsAppApi\WhatsAppApi.csproj", "{3FC9096A-C4D2-40C7-BE7B-D98ACAB3BD2B}"
EndProject
Project("{FAE04EC0-301F-11D3-BF4B-00C04F79EFBC}") = "Whatsapp.AuthenticationManeger.MongoDb", "Whatsapp.AuthenticationManeger.MongoDb\Whatsapp.AuthenticationManeger.MongoDb.csproj", "{ED500ECF-2F45-4A5C-962B-D0CC726C1A07}"
EndProject
Project("{FAE04EC0-301F-11D3-BF4B-00C04F79EFBC}") = "WPFClient", "WPFClient\WPFClient.csproj", "{58F6FBCD-6B1E-455E-A477-7A7DA5F7022A}"
EndProject
Project("{2150E333-8FDC-42A3-9474-1A3956D46DE8}") = "Authentication", "Authentication", "{A2DA6DDE-F5FD-4D3E-A2D5-68D48FDA8048}"
EndProject
Project("{2150E333-8FDC-42A3-9474-1A3956D46DE8}") = "Chat", "Chat", "{FABF0BF0-E397-49DE-B022-24EE968AF446}"
EndProject
Project("{FAE04EC0-301F-11D3-BF4B-00C04F79EFBC}") = "Whatsapp.ChatManager", "Whatsapp.ChatManager\Whatsapp.ChatManager.csproj", "{6EB61130-91ED-433E-8220-1CD49BF9909A}"
EndProject
Project("{FAE04EC0-301F-11D3-BF4B-00C04F79EFBC}") = "Whatsapp.ChatManager.LocalDisk", "Whatsapp.ChatManager.LocalDisk\Whatsapp.ChatManager.LocalDisk.csproj", "{D1F52C65-D3D2-47E0-BBEB-7E729B67A240}"
EndProject
Project("{FAE04EC0-301F-11D3-BF4B-00C04F79EFBC}") = "Whatsapp.ChatManager.MongoDb", "Whatsapp.ChatManager.MongoDb\Whatsapp.ChatManager.MongoDb.csproj", "{6A0A4142-6AD5-47BF-9F67-5219E91B71AB}"
EndProject
Global
	GlobalSection(SolutionConfigurationPlatforms) = preSolution
		Debug|Any CPU = Debug|Any CPU
		Debug|x64 = Debug|x64
		Debug|x86 = Debug|x86
		Release|Any CPU = Release|Any CPU
		Release|x64 = Release|x64
		Release|x86 = Release|x86
	EndGlobalSection
	GlobalSection(ProjectConfigurationPlatforms) = postSolution
		{83353832-8A4A-4BD2-8A96-D47CD4130DBF}.Debug|Any CPU.ActiveCfg = Debug|Any CPU
		{83353832-8A4A-4BD2-8A96-D47CD4130DBF}.Debug|Any CPU.Build.0 = Debug|Any CPU
		{83353832-8A4A-4BD2-8A96-D47CD4130DBF}.Debug|x64.ActiveCfg = Debug|x64
		{83353832-8A4A-4BD2-8A96-D47CD4130DBF}.Debug|x64.Build.0 = Debug|x64
		{83353832-8A4A-4BD2-8A96-D47CD4130DBF}.Debug|x86.ActiveCfg = Debug|Any CPU
		{83353832-8A4A-4BD2-8A96-D47CD4130DBF}.Debug|x86.Build.0 = Debug|Any CPU
		{83353832-8A4A-4BD2-8A96-D47CD4130DBF}.Release|Any CPU.ActiveCfg = Release|Any CPU
		{83353832-8A4A-4BD2-8A96-D47CD4130DBF}.Release|Any CPU.Build.0 = Release|Any CPU
		{83353832-8A4A-4BD2-8A96-D47CD4130DBF}.Release|x64.ActiveCfg = Release|x64
		{83353832-8A4A-4BD2-8A96-D47CD4130DBF}.Release|x64.Build.0 = Release|x64
		{83353832-8A4A-4BD2-8A96-D47CD4130DBF}.Release|x86.ActiveCfg = Release|Any CPU
		{83353832-8A4A-4BD2-8A96-D47CD4130DBF}.Release|x86.Build.0 = Release|Any CPU
		{2F78651A-0AF0-4340-9EF9-6E8D547420A4}.Debug|Any CPU.ActiveCfg = Debug|Any CPU
		{2F78651A-0AF0-4340-9EF9-6E8D547420A4}.Debug|Any CPU.Build.0 = Debug|Any CPU
		{2F78651A-0AF0-4340-9EF9-6E8D547420A4}.Debug|x64.ActiveCfg = Debug|x64
		{2F78651A-0AF0-4340-9EF9-6E8D547420A4}.Debug|x64.Build.0 = Debug|x64
		{2F78651A-0AF0-4340-9EF9-6E8D547420A4}.Debug|x86.ActiveCfg = Debug|Any CPU
		{2F78651A-0AF0-4340-9EF9-6E8D547420A4}.Debug|x86.Build.0 = Debug|Any CPU
		{2F78651A-0AF0-4340-9EF9-6E8D547420A4}.Release|Any CPU.ActiveCfg = Release|Any CPU
		{2F78651A-0AF0-4340-9EF9-6E8D547420A4}.Release|Any CPU.Build.0 = Release|Any CPU
		{2F78651A-0AF0-4340-9EF9-6E8D547420A4}.Release|x64.ActiveCfg = Release|Any CPU
		{2F78651A-0AF0-4340-9EF9-6E8D547420A4}.Release|x64.Build.0 = Release|Any CPU
		{2F78651A-0AF0-4340-9EF9-6E8D547420A4}.Release|x86.ActiveCfg = Release|Any CPU
		{2F78651A-0AF0-4340-9EF9-6E8D547420A4}.Release|x86.Build.0 = Release|Any CPU
		{E68C6597-9338-4940-B54E-8207BB8E89B8}.Debug|Any CPU.ActiveCfg = Debug|Any CPU
		{E68C6597-9338-4940-B54E-8207BB8E89B8}.Debug|Any CPU.Build.0 = Debug|Any CPU
		{E68C6597-9338-4940-B54E-8207BB8E89B8}.Debug|x64.ActiveCfg = Debug|x64
		{E68C6597-9338-4940-B54E-8207BB8E89B8}.Debug|x64.Build.0 = Debug|x64
		{E68C6597-9338-4940-B54E-8207BB8E89B8}.Debug|x86.ActiveCfg = Debug|Any CPU
		{E68C6597-9338-4940-B54E-8207BB8E89B8}.Debug|x86.Build.0 = Debug|Any CPU
		{E68C6597-9338-4940-B54E-8207BB8E89B8}.Release|Any CPU.ActiveCfg = Release|Any CPU
		{E68C6597-9338-4940-B54E-8207BB8E89B8}.Release|Any CPU.Build.0 = Release|Any CPU
		{E68C6597-9338-4940-B54E-8207BB8E89B8}.Release|x64.ActiveCfg = Release|Any CPU
		{E68C6597-9338-4940-B54E-8207BB8E89B8}.Release|x64.Build.0 = Release|Any CPU
		{E68C6597-9338-4940-B54E-8207BB8E89B8}.Release|x86.ActiveCfg = Release|Any CPU
		{E68C6597-9338-4940-B54E-8207BB8E89B8}.Release|x86.Build.0 = Release|Any CPU
		{B47E60B2-BD54-4024-B286-1AFE9C32592E}.Debug|Any CPU.ActiveCfg = Debug|Any CPU
		{B47E60B2-BD54-4024-B286-1AFE9C32592E}.Debug|Any CPU.Build.0 = Debug|Any CPU
		{B47E60B2-BD54-4024-B286-1AFE9C32592E}.Debug|x64.ActiveCfg = Debug|x64
		{B47E60B2-BD54-4024-B286-1AFE9C32592E}.Debug|x64.Build.0 = Debug|x64
		{B47E60B2-BD54-4024-B286-1AFE9C32592E}.Debug|x86.ActiveCfg = Debug|Any CPU
		{B47E60B2-BD54-4024-B286-1AFE9C32592E}.Debug|x86.Build.0 = Debug|Any CPU
		{B47E60B2-BD54-4024-B286-1AFE9C32592E}.Release|Any CPU.ActiveCfg = Release|Any CPU
		{B47E60B2-BD54-4024-B286-1AFE9C32592E}.Release|Any CPU.Build.0 = Release|Any CPU
		{B47E60B2-BD54-4024-B286-1AFE9C32592E}.Release|x64.ActiveCfg = Release|Any CPU
		{B47E60B2-BD54-4024-B286-1AFE9C32592E}.Release|x64.Build.0 = Release|Any CPU
		{B47E60B2-BD54-4024-B286-1AFE9C32592E}.Release|x86.ActiveCfg = Release|Any CPU
		{B47E60B2-BD54-4024-B286-1AFE9C32592E}.Release|x86.Build.0 = Release|Any CPU
		{D75DB2B7-8228-4D55-8005-05FB15BE7826}.Debug|Any CPU.ActiveCfg = Debug|Any CPU
		{D75DB2B7-8228-4D55-8005-05FB15BE7826}.Debug|Any CPU.Build.0 = Debug|Any CPU
		{D75DB2B7-8228-4D55-8005-05FB15BE7826}.Debug|x64.ActiveCfg = Debug|x64
		{D75DB2B7-8228-4D55-8005-05FB15BE7826}.Debug|x64.Build.0 = Debug|x64
		{D75DB2B7-8228-4D55-8005-05FB15BE7826}.Debug|x86.ActiveCfg = Debug|Any CPU
		{D75DB2B7-8228-4D55-8005-05FB15BE7826}.Debug|x86.Build.0 = Debug|Any CPU
		{D75DB2B7-8228-4D55-8005-05FB15BE7826}.Release|Any CPU.ActiveCfg = Release|Any CPU
		{D75DB2B7-8228-4D55-8005-05FB15BE7826}.Release|Any CPU.Build.0 = Release|Any CPU
		{D75DB2B7-8228-4D55-8005-05FB15BE7826}.Release|x64.ActiveCfg = Release|Any CPU
		{D75DB2B7-8228-4D55-8005-05FB15BE7826}.Release|x64.Build.0 = Release|Any CPU
		{D75DB2B7-8228-4D55-8005-05FB15BE7826}.Release|x86.ActiveCfg = Release|Any CPU
		{D75DB2B7-8228-4D55-8005-05FB15BE7826}.Release|x86.Build.0 = Release|Any CPU
		{059E60D0-49E4-4908-A806-E2D0EFC867CC}.Debug|Any CPU.ActiveCfg = Debug|Any CPU
		{059E60D0-49E4-4908-A806-E2D0EFC867CC}.Debug|Any CPU.Build.0 = Debug|Any CPU
		{059E60D0-49E4-4908-A806-E2D0EFC867CC}.Debug|x64.ActiveCfg = Debug|x64
		{059E60D0-49E4-4908-A806-E2D0EFC867CC}.Debug|x64.Build.0 = Debug|x64
		{059E60D0-49E4-4908-A806-E2D0EFC867CC}.Debug|x86.ActiveCfg = Debug|Any CPU
		{059E60D0-49E4-4908-A806-E2D0EFC867CC}.Debug|x86.Build.0 = Debug|Any CPU
		{059E60D0-49E4-4908-A806-E2D0EFC867CC}.Release|Any CPU.ActiveCfg = Release|Any CPU
		{059E60D0-49E4-4908-A806-E2D0EFC867CC}.Release|Any CPU.Build.0 = Release|Any CPU
		{059E60D0-49E4-4908-A806-E2D0EFC867CC}.Release|x64.ActiveCfg = Release|Any CPU
		{059E60D0-49E4-4908-A806-E2D0EFC867CC}.Release|x64.Build.0 = Release|Any CPU
		{059E60D0-49E4-4908-A806-E2D0EFC867CC}.Release|x86.ActiveCfg = Release|Any CPU
		{059E60D0-49E4-4908-A806-E2D0EFC867CC}.Release|x86.Build.0 = Release|Any CPU
		{3FC9096A-C4D2-40C7-BE7B-D98ACAB3BD2B}.Debug|Any CPU.ActiveCfg = Debug|Any CPU
		{3FC9096A-C4D2-40C7-BE7B-D98ACAB3BD2B}.Debug|Any CPU.Build.0 = Debug|Any CPU
		{3FC9096A-C4D2-40C7-BE7B-D98ACAB3BD2B}.Debug|x64.ActiveCfg = Debug|x64
		{3FC9096A-C4D2-40C7-BE7B-D98ACAB3BD2B}.Debug|x64.Build.0 = Debug|x64
		{3FC9096A-C4D2-40C7-BE7B-D98ACAB3BD2B}.Debug|x86.ActiveCfg = Debug|Any CPU
		{3FC9096A-C4D2-40C7-BE7B-D98ACAB3BD2B}.Debug|x86.Build.0 = Debug|Any CPU
		{3FC9096A-C4D2-40C7-BE7B-D98ACAB3BD2B}.Release|Any CPU.ActiveCfg = Release|Any CPU
		{3FC9096A-C4D2-40C7-BE7B-D98ACAB3BD2B}.Release|Any CPU.Build.0 = Release|Any CPU
		{3FC9096A-C4D2-40C7-BE7B-D98ACAB3BD2B}.Release|x64.ActiveCfg = Release|Any CPU
		{3FC9096A-C4D2-40C7-BE7B-D98ACAB3BD2B}.Release|x64.Build.0 = Release|Any CPU
		{3FC9096A-C4D2-40C7-BE7B-D98ACAB3BD2B}.Release|x86.ActiveCfg = Release|Any CPU
		{3FC9096A-C4D2-40C7-BE7B-D98ACAB3BD2B}.Release|x86.Build.0 = Release|Any CPU
		{ED500ECF-2F45-4A5C-962B-D0CC726C1A07}.Debug|Any CPU.ActiveCfg = Debug|Any CPU
		{ED500ECF-2F45-4A5C-962B-D0CC726C1A07}.Debug|Any CPU.Build.0 = Debug|Any CPU
		{ED500ECF-2F45-4A5C-962B-D0CC726C1A07}.Debug|x64.ActiveCfg = Debug|Any CPU
		{ED500ECF-2F45-4A5C-962B-D0CC726C1A07}.Debug|x64.Build.0 = Debug|Any CPU
		{ED500ECF-2F45-4A5C-962B-D0CC726C1A07}.Debug|x86.ActiveCfg = Debug|Any CPU
		{ED500ECF-2F45-4A5C-962B-D0CC726C1A07}.Debug|x86.Build.0 = Debug|Any CPU
		{ED500ECF-2F45-4A5C-962B-D0CC726C1A07}.Release|Any CPU.ActiveCfg = Release|Any CPU
		{ED500ECF-2F45-4A5C-962B-D0CC726C1A07}.Release|Any CPU.Build.0 = Release|Any CPU
		{ED500ECF-2F45-4A5C-962B-D0CC726C1A07}.Release|x64.ActiveCfg = Release|Any CPU
		{ED500ECF-2F45-4A5C-962B-D0CC726C1A07}.Release|x64.Build.0 = Release|Any CPU
		{ED500ECF-2F45-4A5C-962B-D0CC726C1A07}.Release|x86.ActiveCfg = Release|Any CPU
		{ED500ECF-2F45-4A5C-962B-D0CC726C1A07}.Release|x86.Build.0 = Release|Any CPU
		{58F6FBCD-6B1E-455E-A477-7A7DA5F7022A}.Debug|Any CPU.ActiveCfg = Debug|Any CPU
		{58F6FBCD-6B1E-455E-A477-7A7DA5F7022A}.Debug|Any CPU.Build.0 = Debug|Any CPU
		{58F6FBCD-6B1E-455E-A477-7A7DA5F7022A}.Debug|x64.ActiveCfg = Debug|Any CPU
		{58F6FBCD-6B1E-455E-A477-7A7DA5F7022A}.Debug|x64.Build.0 = Debug|Any CPU
		{58F6FBCD-6B1E-455E-A477-7A7DA5F7022A}.Debug|x86.ActiveCfg = Debug|Any CPU
		{58F6FBCD-6B1E-455E-A477-7A7DA5F7022A}.Debug|x86.Build.0 = Debug|Any CPU
		{58F6FBCD-6B1E-455E-A477-7A7DA5F7022A}.Release|Any CPU.ActiveCfg = Release|Any CPU
		{58F6FBCD-6B1E-455E-A477-7A7DA5F7022A}.Release|Any CPU.Build.0 = Release|Any CPU
		{58F6FBCD-6B1E-455E-A477-7A7DA5F7022A}.Release|x64.ActiveCfg = Release|Any CPU
		{58F6FBCD-6B1E-455E-A477-7A7DA5F7022A}.Release|x64.Build.0 = Release|Any CPU
		{58F6FBCD-6B1E-455E-A477-7A7DA5F7022A}.Release|x86.ActiveCfg = Release|Any CPU
		{58F6FBCD-6B1E-455E-A477-7A7DA5F7022A}.Release|x86.Build.0 = Release|Any CPU
		{6EB61130-91ED-433E-8220-1CD49BF9909A}.Debug|Any CPU.ActiveCfg = Debug|Any CPU
		{6EB61130-91ED-433E-8220-1CD49BF9909A}.Debug|Any CPU.Build.0 = Debug|Any CPU
		{6EB61130-91ED-433E-8220-1CD49BF9909A}.Debug|x64.ActiveCfg = Debug|Any CPU
		{6EB61130-91ED-433E-8220-1CD49BF9909A}.Debug|x64.Build.0 = Debug|Any CPU
		{6EB61130-91ED-433E-8220-1CD49BF9909A}.Debug|x86.ActiveCfg = Debug|Any CPU
		{6EB61130-91ED-433E-8220-1CD49BF9909A}.Debug|x86.Build.0 = Debug|Any CPU
		{6EB61130-91ED-433E-8220-1CD49BF9909A}.Release|Any CPU.ActiveCfg = Release|Any CPU
		{6EB61130-91ED-433E-8220-1CD49BF9909A}.Release|Any CPU.Build.0 = Release|Any CPU
		{6EB61130-91ED-433E-8220-1CD49BF9909A}.Release|x64.ActiveCfg = Release|Any CPU
		{6EB61130-91ED-433E-8220-1CD49BF9909A}.Release|x64.Build.0 = Release|Any CPU
		{6EB61130-91ED-433E-8220-1CD49BF9909A}.Release|x86.ActiveCfg = Release|Any CPU
		{6EB61130-91ED-433E-8220-1CD49BF9909A}.Release|x86.Build.0 = Release|Any CPU
		{D1F52C65-D3D2-47E0-BBEB-7E729B67A240}.Debug|Any CPU.ActiveCfg = Debug|Any CPU
		{D1F52C65-D3D2-47E0-BBEB-7E729B67A240}.Debug|Any CPU.Build.0 = Debug|Any CPU
		{D1F52C65-D3D2-47E0-BBEB-7E729B67A240}.Debug|x64.ActiveCfg = Debug|Any CPU
		{D1F52C65-D3D2-47E0-BBEB-7E729B67A240}.Debug|x64.Build.0 = Debug|Any CPU
		{D1F52C65-D3D2-47E0-BBEB-7E729B67A240}.Debug|x86.ActiveCfg = Debug|Any CPU
		{D1F52C65-D3D2-47E0-BBEB-7E729B67A240}.Debug|x86.Build.0 = Debug|Any CPU
		{D1F52C65-D3D2-47E0-BBEB-7E729B67A240}.Release|Any CPU.ActiveCfg = Release|Any CPU
		{D1F52C65-D3D2-47E0-BBEB-7E729B67A240}.Release|Any CPU.Build.0 = Release|Any CPU
		{D1F52C65-D3D2-47E0-BBEB-7E729B67A240}.Release|x64.ActiveCfg = Release|Any CPU
		{D1F52C65-D3D2-47E0-BBEB-7E729B67A240}.Release|x64.Build.0 = Release|Any CPU
		{D1F52C65-D3D2-47E0-BBEB-7E729B67A240}.Release|x86.ActiveCfg = Release|Any CPU
		{D1F52C65-D3D2-47E0-BBEB-7E729B67A240}.Release|x86.Build.0 = Release|Any CPU
		{6A0A4142-6AD5-47BF-9F67-5219E91B71AB}.Debug|Any CPU.ActiveCfg = Debug|Any CPU
		{6A0A4142-6AD5-47BF-9F67-5219E91B71AB}.Debug|Any CPU.Build.0 = Debug|Any CPU
		{6A0A4142-6AD5-47BF-9F67-5219E91B71AB}.Debug|x64.ActiveCfg = Debug|Any CPU
		{6A0A4142-6AD5-47BF-9F67-5219E91B71AB}.Debug|x64.Build.0 = Debug|Any CPU
		{6A0A4142-6AD5-47BF-9F67-5219E91B71AB}.Debug|x86.ActiveCfg = Debug|Any CPU
		{6A0A4142-6AD5-47BF-9F67-5219E91B71AB}.Debug|x86.Build.0 = Debug|Any CPU
		{6A0A4142-6AD5-47BF-9F67-5219E91B71AB}.Release|Any CPU.ActiveCfg = Release|Any CPU
		{6A0A4142-6AD5-47BF-9F67-5219E91B71AB}.Release|Any CPU.Build.0 = Release|Any CPU
		{6A0A4142-6AD5-47BF-9F67-5219E91B71AB}.Release|x64.ActiveCfg = Release|Any CPU
		{6A0A4142-6AD5-47BF-9F67-5219E91B71AB}.Release|x64.Build.0 = Release|Any CPU
		{6A0A4142-6AD5-47BF-9F67-5219E91B71AB}.Release|x86.ActiveCfg = Release|Any CPU
		{6A0A4142-6AD5-47BF-9F67-5219E91B71AB}.Release|x86.Build.0 = Release|Any CPU
	EndGlobalSection
	GlobalSection(SolutionProperties) = preSolution
		HideSolutionNode = FALSE
	EndGlobalSection
	GlobalSection(NestedProjects) = preSolution
		{2F78651A-0AF0-4340-9EF9-6E8D547420A4} = {A2DA6DDE-F5FD-4D3E-A2D5-68D48FDA8048}
		{E68C6597-9338-4940-B54E-8207BB8E89B8} = {A2DA6DDE-F5FD-4D3E-A2D5-68D48FDA8048}
		{D75DB2B7-8228-4D55-8005-05FB15BE7826} = {A2DA6DDE-F5FD-4D3E-A2D5-68D48FDA8048}
		{059E60D0-49E4-4908-A806-E2D0EFC867CC} = {A2DA6DDE-F5FD-4D3E-A2D5-68D48FDA8048}
		{ED500ECF-2F45-4A5C-962B-D0CC726C1A07} = {A2DA6DDE-F5FD-4D3E-A2D5-68D48FDA8048}
		{6EB61130-91ED-433E-8220-1CD49BF9909A} = {FABF0BF0-E397-49DE-B022-24EE968AF446}
		{D1F52C65-D3D2-47E0-BBEB-7E729B67A240} = {FABF0BF0-E397-49DE-B022-24EE968AF446}
		{6A0A4142-6AD5-47BF-9F67-5219E91B71AB} = {FABF0BF0-E397-49DE-B022-24EE968AF446}
	EndGlobalSection
EndGlobal
